
Microsoft Visual Studio Solution File, Format Version 12.00
# Visual Studio Version 17
VisualStudioVersion = 17.1.32210.238
MinimumVisualStudioVersion = 10.0.40219.1
Project("{2150E333-8FDC-42A3-9474-1A3956D46DE8}") = "Services", "Services", "{EE6D1B96-26C7-4843-B50A-4CCC722E1AF6}"
EndProject
Project("{2150E333-8FDC-42A3-9474-1A3956D46DE8}") = "WebApps", "WebApps", "{C3E13227-BB73-40FB-9376-E60B28FB0AA9}"
EndProject
Project("{2150E333-8FDC-42A3-9474-1A3956D46DE8}") = "Cadastros", "Cadastros", "{FF0C2CF5-1EF7-4FD9-A39F-D0F3132375CC}"
EndProject
Project("{2150E333-8FDC-42A3-9474-1A3956D46DE8}") = "Catalogo", "Catalogo", "{9C8A3026-FCC6-4E0E-A58A-29FD472632A2}"
EndProject
Project("{2150E333-8FDC-42A3-9474-1A3956D46DE8}") = "Core", "Core", "{30BAB9A4-AD32-487A-87F9-44A4237A9903}"
EndProject
Project("{2150E333-8FDC-42A3-9474-1A3956D46DE8}") = "Fiscal", "Fiscal", "{90DD6884-1711-417A-8176-438C82E837E8}"
EndProject
Project("{2150E333-8FDC-42A3-9474-1A3956D46DE8}") = "Pagamentos", "Pagamentos", "{B251FC42-FCAD-4BBF-B3D4-206B7F822DBB}"
EndProject
Project("{2150E333-8FDC-42A3-9474-1A3956D46DE8}") = "Vendas", "Vendas", "{D4A16BF2-A7BF-45E9-BA2F-909DE7FF3EE0}"
EndProject
Project("{9A19103F-16F7-4668-BE54-9A1E7A4F7556}") = "NerdStore.Catalogo.Domain", "src\NerdStore.Catalogo.Domain\NerdStore.Catalogo.Domain.csproj", "{D2B8CF2D-3B83-4970-AE74-E4A746E5C7AD}"
EndProject
Project("{9A19103F-16F7-4668-BE54-9A1E7A4F7556}") = "NerdStore.Core", "src\NerdStore.Core\NerdStore.Core.csproj", "{3C390DDC-C82E-465A-AA6E-547D8EE9F984}"
EndProject
Project("{2150E333-8FDC-42A3-9474-1A3956D46DE8}") = "Tests", "Tests", "{69A14B3B-E84E-4C3D-A0F4-051C48EF6954}"
EndProject
Project("{9A19103F-16F7-4668-BE54-9A1E7A4F7556}") = "NerdStore.Catalogo.Domain.Tests", "tests\NerdStore.Catalogo.Domain.Tests\NerdStore.Catalogo.Domain.Tests.csproj", "{5790ABBC-C294-47FE-A61A-BB68202729D4}"
EndProject
Project("{9A19103F-16F7-4668-BE54-9A1E7A4F7556}") = "NerdStore.Catalogo.Data", "src\NerdStore.Catalogo.Data\NerdStore.Catalogo.Data.csproj", "{9504BBA1-B264-4D16-8D67-9F9B4BC4EEC7}"
EndProject
Project("{9A19103F-16F7-4668-BE54-9A1E7A4F7556}") = "NerdStore.Catalogo.Application", "src\NerdStore.Catalogo.Application\NerdStore.Catalogo.Application.csproj", "{00D9045F-A97D-45C0-9388-4A2C03E9012C}"
EndProject
Project("{9A19103F-16F7-4668-BE54-9A1E7A4F7556}") = "NerdStore.WebApp.MVC", "src\NerdStore.WebApp.MVC\NerdStore.WebApp.MVC.csproj", "{2B024040-D943-43A8-9AE2-285934E6AA03}"
EndProject
Project("{9A19103F-16F7-4668-BE54-9A1E7A4F7556}") = "NerdStore.API", "src\NerdStore.API\NerdStore.API.csproj", "{033DA5F2-2654-4F6C-BE1D-6FA97F6127F1}"
EndProject
Project("{9A19103F-16F7-4668-BE54-9A1E7A4F7556}") = "NerdStore.Vendas.Domain", "src\NerdStore.Vendas.Domain\NerdStore.Vendas.Domain.csproj", "{3BC7A833-C78E-4066-A116-8F579BDD4844}"
EndProject
Project("{9A19103F-16F7-4668-BE54-9A1E7A4F7556}") = "NerdStore.Vendas.Application", "src\NerdStore.Vendas.Application\NerdStore.Vendas.Application.csproj", "{13D40498-803C-4F2C-9ED9-E013D0763485}"
EndProject
Project("{9A19103F-16F7-4668-BE54-9A1E7A4F7556}") = "NerdStore.Vendas.Data", "src\NerdStore.Vendas.Data\NerdStore.Vendas.Data.csproj", "{0CE18B36-8411-4A8C-947F-E959D589A102}"
EndProject
Project("{9A19103F-16F7-4668-BE54-9A1E7A4F7556}") = "NerdStore.Pagamentos.AntiCorruption", "src\NerdStore.Pagamentos.AntiCorruption\NerdStore.Pagamentos.AntiCorruption.csproj", "{A6D2002B-C5B7-401E-BD02-DDCF12EA3FB6}"
EndProject
Project("{9A19103F-16F7-4668-BE54-9A1E7A4F7556}") = "NerdStore.Pagamentos.Business", "src\NerdStore.Pagamentos.Business\NerdStore.Pagamentos.Business.csproj", "{9BD04527-4D9E-4FCE-ADCD-0160153A182C}"
EndProject
Project("{9A19103F-16F7-4668-BE54-9A1E7A4F7556}") = "NerdStore.Pagamentos.Data", "src\NerdStore.Pagamentos.Data\NerdStore.Pagamentos.Data.csproj", "{B677D39D-5ED7-4871-8B26-A7F8B30D5C86}"
EndProject
Project("{2150E333-8FDC-42A3-9474-1A3956D46DE8}") = "BuildingBlocks", "BuildingBlocks", "{E457FC9B-74A7-4546-A868-67F0830975C5}"
EndProject
Project("{FAE04EC0-301F-11D3-BF4B-00C04F79EFBC}") = "EventSourcing", "src\EventSourcing\EventSourcing.csproj", "{AB69BD13-2247-4D51-BA9B-63F1240CFC4E}"
EndProject
Global
	GlobalSection(SolutionConfigurationPlatforms) = preSolution
		Debug|Any CPU = Debug|Any CPU
		Release|Any CPU = Release|Any CPU
	EndGlobalSection
	GlobalSection(ProjectConfigurationPlatforms) = postSolution
		{D2B8CF2D-3B83-4970-AE74-E4A746E5C7AD}.Debug|Any CPU.ActiveCfg = Debug|Any CPU
		{D2B8CF2D-3B83-4970-AE74-E4A746E5C7AD}.Debug|Any CPU.Build.0 = Debug|Any CPU
		{D2B8CF2D-3B83-4970-AE74-E4A746E5C7AD}.Release|Any CPU.ActiveCfg = Release|Any CPU
		{D2B8CF2D-3B83-4970-AE74-E4A746E5C7AD}.Release|Any CPU.Build.0 = Release|Any CPU
		{3C390DDC-C82E-465A-AA6E-547D8EE9F984}.Debug|Any CPU.ActiveCfg = Debug|Any CPU
		{3C390DDC-C82E-465A-AA6E-547D8EE9F984}.Debug|Any CPU.Build.0 = Debug|Any CPU
		{3C390DDC-C82E-465A-AA6E-547D8EE9F984}.Release|Any CPU.ActiveCfg = Release|Any CPU
		{3C390DDC-C82E-465A-AA6E-547D8EE9F984}.Release|Any CPU.Build.0 = Release|Any CPU
		{5790ABBC-C294-47FE-A61A-BB68202729D4}.Debug|Any CPU.ActiveCfg = Debug|Any CPU
		{5790ABBC-C294-47FE-A61A-BB68202729D4}.Debug|Any CPU.Build.0 = Debug|Any CPU
		{5790ABBC-C294-47FE-A61A-BB68202729D4}.Release|Any CPU.ActiveCfg = Release|Any CPU
		{5790ABBC-C294-47FE-A61A-BB68202729D4}.Release|Any CPU.Build.0 = Release|Any CPU
		{9504BBA1-B264-4D16-8D67-9F9B4BC4EEC7}.Debug|Any CPU.ActiveCfg = Debug|Any CPU
		{9504BBA1-B264-4D16-8D67-9F9B4BC4EEC7}.Debug|Any CPU.Build.0 = Debug|Any CPU
		{9504BBA1-B264-4D16-8D67-9F9B4BC4EEC7}.Release|Any CPU.ActiveCfg = Release|Any CPU
		{9504BBA1-B264-4D16-8D67-9F9B4BC4EEC7}.Release|Any CPU.Build.0 = Release|Any CPU
		{00D9045F-A97D-45C0-9388-4A2C03E9012C}.Debug|Any CPU.ActiveCfg = Debug|Any CPU
		{00D9045F-A97D-45C0-9388-4A2C03E9012C}.Debug|Any CPU.Build.0 = Debug|Any CPU
		{00D9045F-A97D-45C0-9388-4A2C03E9012C}.Release|Any CPU.ActiveCfg = Release|Any CPU
		{00D9045F-A97D-45C0-9388-4A2C03E9012C}.Release|Any CPU.Build.0 = Release|Any CPU
		{2B024040-D943-43A8-9AE2-285934E6AA03}.Debug|Any CPU.ActiveCfg = Debug|Any CPU
		{2B024040-D943-43A8-9AE2-285934E6AA03}.Debug|Any CPU.Build.0 = Debug|Any CPU
		{2B024040-D943-43A8-9AE2-285934E6AA03}.Release|Any CPU.ActiveCfg = Release|Any CPU
		{2B024040-D943-43A8-9AE2-285934E6AA03}.Release|Any CPU.Build.0 = Release|Any CPU
		{033DA5F2-2654-4F6C-BE1D-6FA97F6127F1}.Debug|Any CPU.ActiveCfg = Debug|Any CPU
		{033DA5F2-2654-4F6C-BE1D-6FA97F6127F1}.Debug|Any CPU.Build.0 = Debug|Any CPU
		{033DA5F2-2654-4F6C-BE1D-6FA97F6127F1}.Release|Any CPU.ActiveCfg = Release|Any CPU
		{033DA5F2-2654-4F6C-BE1D-6FA97F6127F1}.Release|Any CPU.Build.0 = Release|Any CPU
		{3BC7A833-C78E-4066-A116-8F579BDD4844}.Debug|Any CPU.ActiveCfg = Debug|Any CPU
		{3BC7A833-C78E-4066-A116-8F579BDD4844}.Debug|Any CPU.Build.0 = Debug|Any CPU
		{3BC7A833-C78E-4066-A116-8F579BDD4844}.Release|Any CPU.ActiveCfg = Release|Any CPU
		{3BC7A833-C78E-4066-A116-8F579BDD4844}.Release|Any CPU.Build.0 = Release|Any CPU
		{13D40498-803C-4F2C-9ED9-E013D0763485}.Debug|Any CPU.ActiveCfg = Debug|Any CPU
		{13D40498-803C-4F2C-9ED9-E013D0763485}.Debug|Any CPU.Build.0 = Debug|Any CPU
		{13D40498-803C-4F2C-9ED9-E013D0763485}.Release|Any CPU.ActiveCfg = Release|Any CPU
		{13D40498-803C-4F2C-9ED9-E013D0763485}.Release|Any CPU.Build.0 = Release|Any CPU
		{0CE18B36-8411-4A8C-947F-E959D589A102}.Debug|Any CPU.ActiveCfg = Debug|Any CPU
		{0CE18B36-8411-4A8C-947F-E959D589A102}.Debug|Any CPU.Build.0 = Debug|Any CPU
		{0CE18B36-8411-4A8C-947F-E959D589A102}.Release|Any CPU.ActiveCfg = Release|Any CPU
		{0CE18B36-8411-4A8C-947F-E959D589A102}.Release|Any CPU.Build.0 = Release|Any CPU
		{A6D2002B-C5B7-401E-BD02-DDCF12EA3FB6}.Debug|Any CPU.ActiveCfg = Debug|Any CPU
		{A6D2002B-C5B7-401E-BD02-DDCF12EA3FB6}.Debug|Any CPU.Build.0 = Debug|Any CPU
		{A6D2002B-C5B7-401E-BD02-DDCF12EA3FB6}.Release|Any CPU.ActiveCfg = Release|Any CPU
		{A6D2002B-C5B7-401E-BD02-DDCF12EA3FB6}.Release|Any CPU.Build.0 = Release|Any CPU
		{9BD04527-4D9E-4FCE-ADCD-0160153A182C}.Debug|Any CPU.ActiveCfg = Debug|Any CPU
		{9BD04527-4D9E-4FCE-ADCD-0160153A182C}.Debug|Any CPU.Build.0 = Debug|Any CPU
		{9BD04527-4D9E-4FCE-ADCD-0160153A182C}.Release|Any CPU.ActiveCfg = Release|Any CPU
		{9BD04527-4D9E-4FCE-ADCD-0160153A182C}.Release|Any CPU.Build.0 = Release|Any CPU
		{B677D39D-5ED7-4871-8B26-A7F8B30D5C86}.Debug|Any CPU.ActiveCfg = Debug|Any CPU
		{B677D39D-5ED7-4871-8B26-A7F8B30D5C86}.Debug|Any CPU.Build.0 = Debug|Any CPU
		{B677D39D-5ED7-4871-8B26-A7F8B30D5C86}.Release|Any CPU.ActiveCfg = Release|Any CPU
		{B677D39D-5ED7-4871-8B26-A7F8B30D5C86}.Release|Any CPU.Build.0 = Release|Any CPU
		{AB69BD13-2247-4D51-BA9B-63F1240CFC4E}.Debug|Any CPU.ActiveCfg = Debug|Any CPU
		{AB69BD13-2247-4D51-BA9B-63F1240CFC4E}.Debug|Any CPU.Build.0 = Debug|Any CPU
		{AB69BD13-2247-4D51-BA9B-63F1240CFC4E}.Release|Any CPU.ActiveCfg = Release|Any CPU
		{AB69BD13-2247-4D51-BA9B-63F1240CFC4E}.Release|Any CPU.Build.0 = Release|Any CPU
	EndGlobalSection
	GlobalSection(SolutionProperties) = preSolution
		HideSolutionNode = FALSE
	EndGlobalSection
	GlobalSection(NestedProjects) = preSolution
		{FF0C2CF5-1EF7-4FD9-A39F-D0F3132375CC} = {EE6D1B96-26C7-4843-B50A-4CCC722E1AF6}
		{9C8A3026-FCC6-4E0E-A58A-29FD472632A2} = {EE6D1B96-26C7-4843-B50A-4CCC722E1AF6}
		{30BAB9A4-AD32-487A-87F9-44A4237A9903} = {EE6D1B96-26C7-4843-B50A-4CCC722E1AF6}
		{90DD6884-1711-417A-8176-438C82E837E8} = {EE6D1B96-26C7-4843-B50A-4CCC722E1AF6}
		{B251FC42-FCAD-4BBF-B3D4-206B7F822DBB} = {EE6D1B96-26C7-4843-B50A-4CCC722E1AF6}
		{D4A16BF2-A7BF-45E9-BA2F-909DE7FF3EE0} = {EE6D1B96-26C7-4843-B50A-4CCC722E1AF6}
		{D2B8CF2D-3B83-4970-AE74-E4A746E5C7AD} = {9C8A3026-FCC6-4E0E-A58A-29FD472632A2}
		{3C390DDC-C82E-465A-AA6E-547D8EE9F984} = {30BAB9A4-AD32-487A-87F9-44A4237A9903}
		{69A14B3B-E84E-4C3D-A0F4-051C48EF6954} = {9C8A3026-FCC6-4E0E-A58A-29FD472632A2}
		{5790ABBC-C294-47FE-A61A-BB68202729D4} = {69A14B3B-E84E-4C3D-A0F4-051C48EF6954}
		{9504BBA1-B264-4D16-8D67-9F9B4BC4EEC7} = {9C8A3026-FCC6-4E0E-A58A-29FD472632A2}
		{00D9045F-A97D-45C0-9388-4A2C03E9012C} = {9C8A3026-FCC6-4E0E-A58A-29FD472632A2}
		{2B024040-D943-43A8-9AE2-285934E6AA03} = {C3E13227-BB73-40FB-9376-E60B28FB0AA9}
		{033DA5F2-2654-4F6C-BE1D-6FA97F6127F1} = {C3E13227-BB73-40FB-9376-E60B28FB0AA9}
		{3BC7A833-C78E-4066-A116-8F579BDD4844} = {D4A16BF2-A7BF-45E9-BA2F-909DE7FF3EE0}
		{13D40498-803C-4F2C-9ED9-E013D0763485} = {D4A16BF2-A7BF-45E9-BA2F-909DE7FF3EE0}
		{0CE18B36-8411-4A8C-947F-E959D589A102} = {D4A16BF2-A7BF-45E9-BA2F-909DE7FF3EE0}
		{A6D2002B-C5B7-401E-BD02-DDCF12EA3FB6} = {B251FC42-FCAD-4BBF-B3D4-206B7F822DBB}
		{9BD04527-4D9E-4FCE-ADCD-0160153A182C} = {B251FC42-FCAD-4BBF-B3D4-206B7F822DBB}
		{B677D39D-5ED7-4871-8B26-A7F8B30D5C86} = {B251FC42-FCAD-4BBF-B3D4-206B7F822DBB}
		{AB69BD13-2247-4D51-BA9B-63F1240CFC4E} = {E457FC9B-74A7-4546-A868-67F0830975C5}
	EndGlobalSection
	GlobalSection(ExtensibilityGlobals) = postSolution
		SolutionGuid = {237C5436-3BB6-4D4A-9A0E-E34071CBA755}
	EndGlobalSection
EndGlobal
